
Microsoft Visual Studio Solution File, Format Version 12.00
# Visual Studio Version 17
VisualStudioVersion = 17.4.33213.308
MinimumVisualStudioVersion = 10.0.40219.1
Project("{FAE04EC0-301F-11D3-BF4B-00C04F79EFBC}") = "Week15OOPandFiles", "Week15OOPandFiles\Week15OOPandFiles.csproj", "{6246AD83-1C8C-44D6-8363-927781E05E96}"
EndProject
Global
	GlobalSection(SolutionConfigurationPlatforms) = preSolution
		Debug|Any CPU = Debug|Any CPU
		Release|Any CPU = Release|Any CPU
	EndGlobalSection
	GlobalSection(ProjectConfigurationPlatforms) = postSolution
		{6246AD83-1C8C-44D6-8363-927781E05E96}.Debug|Any CPU.ActiveCfg = Debug|Any CPU
		{6246AD83-1C8C-44D6-8363-927781E05E96}.Debug|Any CPU.Build.0 = Debug|Any CPU
		{6246AD83-1C8C-44D6-8363-927781E05E96}.Release|Any CPU.ActiveCfg = Release|Any CPU
		{6246AD83-1C8C-44D6-8363-927781E05E96}.Release|Any CPU.Build.0 = Release|Any CPU
	EndGlobalSection
	GlobalSection(SolutionProperties) = preSolution
		HideSolutionNode = FALSE
	EndGlobalSection
	GlobalSection(ExtensibilityGlobals) = postSolution
		SolutionGuid = {9AEF063A-E7A4-438F-94EE-B19B3E9646FB}
	EndGlobalSection
EndGlobal
